// !$*UTF8*$!
{
	archiveVersion = 1;
	classes = {
	};
	objectVersion = 56;
	objects = {

/* Begin PBXBuildFile section */
		278851FB29DEADFD003B2876 /* AppDelegate.swift in Sources */ = {isa = PBXBuildFile; fileRef = 278851FA29DEADFD003B2876 /* AppDelegate.swift */; };
		278851FD29DEADFE003B2876 /* SceneDelegate.swift in Sources */ = {isa = PBXBuildFile; fileRef = 278851FC29DEADFE003B2876 /* SceneDelegate.swift */; };
		278851FF29DEADFE003B2876 /* ViewController.swift in Sources */ = {isa = PBXBuildFile; fileRef = 278851FE29DEADFE003B2876 /* ViewController.swift */; };
		2788520229DEADFE003B2876 /* Main.storyboard in Resources */ = {isa = PBXBuildFile; fileRef = 2788520029DEADFE003B2876 /* Main.storyboard */; };
		2788520429DEADFF003B2876 /* Assets.xcassets in Resources */ = {isa = PBXBuildFile; fileRef = 2788520329DEADFF003B2876 /* Assets.xcassets */; };
		2788520729DEADFF003B2876 /* LaunchScreen.storyboard in Resources */ = {isa = PBXBuildFile; fileRef = 2788520529DEADFF003B2876 /* LaunchScreen.storyboard */; };
		2788521029DEDAAF003B2876 /* Realm in Frameworks */ = {isa = PBXBuildFile; productRef = 2788520F29DEDAAF003B2876 /* Realm */; };
		2788521229DEDAAF003B2876 /* RealmSwift in Frameworks */ = {isa = PBXBuildFile; productRef = 2788521129DEDAAF003B2876 /* RealmSwift */; };
		2788521429DEF7E2003B2876 /* BooksListVC.swift in Sources */ = {isa = PBXBuildFile; fileRef = 2788521329DEF7E2003B2876 /* BooksListVC.swift */; };
		2788521629DEF80D003B2876 /* BooksListViewModel.swift in Sources */ = {isa = PBXBuildFile; fileRef = 2788521529DEF80D003B2876 /* BooksListViewModel.swift */; };
		2788521C29DEF90F003B2876 /* Book.swift in Sources */ = {isa = PBXBuildFile; fileRef = 2788521B29DEF90F003B2876 /* Book.swift */; };
		2788521F29DEFB99003B2876 /* StorageManager.swift in Sources */ = {isa = PBXBuildFile; fileRef = 2788521E29DEFB99003B2876 /* StorageManager.swift */; };
		2788522229DF2E30003B2876 /* BookEditorVC.swift in Sources */ = {isa = PBXBuildFile; fileRef = 2788522129DF2E30003B2876 /* BookEditorVC.swift */; };
/* End PBXBuildFile section */

/* Begin PBXFileReference section */
		278851F729DEADFD003B2876 /* BooksKeeper.app */ = {isa = PBXFileReference; explicitFileType = wrapper.application; includeInIndex = 0; path = BooksKeeper.app; sourceTree = BUILT_PRODUCTS_DIR; };
		278851FA29DEADFD003B2876 /* AppDelegate.swift */ = {isa = PBXFileReference; lastKnownFileType = sourcecode.swift; path = AppDelegate.swift; sourceTree = "<group>"; };
		278851FC29DEADFE003B2876 /* SceneDelegate.swift */ = {isa = PBXFileReference; lastKnownFileType = sourcecode.swift; path = SceneDelegate.swift; sourceTree = "<group>"; };
		278851FE29DEADFE003B2876 /* ViewController.swift */ = {isa = PBXFileReference; lastKnownFileType = sourcecode.swift; path = ViewController.swift; sourceTree = "<group>"; };
		2788520129DEADFE003B2876 /* Base */ = {isa = PBXFileReference; lastKnownFileType = file.storyboard; name = Base; path = Base.lproj/Main.storyboard; sourceTree = "<group>"; };
		2788520329DEADFF003B2876 /* Assets.xcassets */ = {isa = PBXFileReference; lastKnownFileType = folder.assetcatalog; path = Assets.xcassets; sourceTree = "<group>"; };
		2788520629DEADFF003B2876 /* Base */ = {isa = PBXFileReference; lastKnownFileType = file.storyboard; name = Base; path = Base.lproj/LaunchScreen.storyboard; sourceTree = "<group>"; };
		2788520829DEADFF003B2876 /* Info.plist */ = {isa = PBXFileReference; lastKnownFileType = text.plist.xml; path = Info.plist; sourceTree = "<group>"; };
		2788521329DEF7E2003B2876 /* BooksListVC.swift */ = {isa = PBXFileReference; lastKnownFileType = sourcecode.swift; path = BooksListVC.swift; sourceTree = "<group>"; };
		2788521529DEF80D003B2876 /* BooksListViewModel.swift */ = {isa = PBXFileReference; lastKnownFileType = sourcecode.swift; path = BooksListViewModel.swift; sourceTree = "<group>"; };
		2788521B29DEF90F003B2876 /* Book.swift */ = {isa = PBXFileReference; lastKnownFileType = sourcecode.swift; path = Book.swift; sourceTree = "<group>"; };
		2788521E29DEFB99003B2876 /* StorageManager.swift */ = {isa = PBXFileReference; lastKnownFileType = sourcecode.swift; path = StorageManager.swift; sourceTree = "<group>"; };
		2788522129DF2E30003B2876 /* BookEditorVC.swift */ = {isa = PBXFileReference; lastKnownFileType = sourcecode.swift; path = BookEditorVC.swift; sourceTree = "<group>"; };
/* End PBXFileReference section */

/* Begin PBXFrameworksBuildPhase section */
		278851F429DEADFD003B2876 /* Frameworks */ = {
			isa = PBXFrameworksBuildPhase;
			buildActionMask = 2147483647;
			files = (
				2788521229DEDAAF003B2876 /* RealmSwift in Frameworks */,
				2788521029DEDAAF003B2876 /* Realm in Frameworks */,
			);
			runOnlyForDeploymentPostprocessing = 0;
		};
/* End PBXFrameworksBuildPhase section */

/* Begin PBXGroup section */
		278851EE29DEADFD003B2876 = {
			isa = PBXGroup;
			children = (
				278851F929DEADFD003B2876 /* BooksKeeper */,
				278851F829DEADFD003B2876 /* Products */,
			);
			sourceTree = "<group>";
		};
		278851F829DEADFD003B2876 /* Products */ = {
			isa = PBXGroup;
			children = (
				278851F729DEADFD003B2876 /* BooksKeeper.app */,
			);
			name = Products;
			sourceTree = "<group>";
		};
		278851F929DEADFD003B2876 /* BooksKeeper */ = {
			isa = PBXGroup;
			children = (
				2788521D29DEFB86003B2876 /* Services */,
				2788521829DEF82D003B2876 /* Models */,
				2788521729DEF81D003B2876 /* BooksList */,
				2788522029DF2DFB003B2876 /* BookEditor */,
				278851FC29DEADFE003B2876 /* SceneDelegate.swift */,
				278851FA29DEADFD003B2876 /* AppDelegate.swift */,
				278851FE29DEADFE003B2876 /* ViewController.swift */,
				2788520029DEADFE003B2876 /* Main.storyboard */,
				2788520329DEADFF003B2876 /* Assets.xcassets */,
				2788520529DEADFF003B2876 /* LaunchScreen.storyboard */,
				2788520829DEADFF003B2876 /* Info.plist */,
			);
			path = BooksKeeper;
			sourceTree = "<group>";
		};
		2788521729DEF81D003B2876 /* BooksList */ = {
			isa = PBXGroup;
			children = (
				2788521529DEF80D003B2876 /* BooksListViewModel.swift */,
				2788521329DEF7E2003B2876 /* BooksListVC.swift */,
			);
			path = BooksList;
			sourceTree = "<group>";
		};
		2788521829DEF82D003B2876 /* Models */ = {
			isa = PBXGroup;
			children = (
				2788521B29DEF90F003B2876 /* Book.swift */,
			);
			path = Models;
			sourceTree = "<group>";
		};
		2788521D29DEFB86003B2876 /* Services */ = {
			isa = PBXGroup;
			children = (
				2788521E29DEFB99003B2876 /* StorageManager.swift */,
			);
			path = Services;
			sourceTree = "<group>";
		};
		2788522029DF2DFB003B2876 /* BookEditor */ = {
			isa = PBXGroup;
			children = (
				2788522129DF2E30003B2876 /* BookEditorVC.swift */,
			);
			path = BookEditor;
			sourceTree = "<group>";
		};
/* End PBXGroup section */

/* Begin PBXNativeTarget section */
		278851F629DEADFD003B2876 /* BooksKeeper */ = {
			isa = PBXNativeTarget;
			buildConfigurationList = 2788520B29DEADFF003B2876 /* Build configuration list for PBXNativeTarget "BooksKeeper" */;
			buildPhases = (
				278851F329DEADFD003B2876 /* Sources */,
				278851F429DEADFD003B2876 /* Frameworks */,
				278851F529DEADFD003B2876 /* Resources */,
			);
			buildRules = (
			);
			dependencies = (
			);
			name = BooksKeeper;
			packageProductDependencies = (
				2788520F29DEDAAF003B2876 /* Realm */,
				2788521129DEDAAF003B2876 /* RealmSwift */,
			);
			productName = BooksKeeper;
			productReference = 278851F729DEADFD003B2876 /* BooksKeeper.app */;
			productType = "com.apple.product-type.application";
		};
/* End PBXNativeTarget section */

/* Begin PBXProject section */
		278851EF29DEADFD003B2876 /* Project object */ = {
			isa = PBXProject;
			attributes = {
				BuildIndependentTargetsInParallel = 1;
				LastSwiftUpdateCheck = 1430;
				LastUpgradeCheck = 1430;
				TargetAttributes = {
					278851F629DEADFD003B2876 = {
						CreatedOnToolsVersion = 14.3;
					};
				};
			};
			buildConfigurationList = 278851F229DEADFD003B2876 /* Build configuration list for PBXProject "BooksKeeper" */;
			compatibilityVersion = "Xcode 14.0";
			developmentRegion = en;
			hasScannedForEncodings = 0;
			knownRegions = (
				en,
				Base,
			);
			mainGroup = 278851EE29DEADFD003B2876;
			packageReferences = (
				2788520E29DEDAAF003B2876 /* XCRemoteSwiftPackageReference "realm-swift" */,
			);
			productRefGroup = 278851F829DEADFD003B2876 /* Products */;
			projectDirPath = "";
			projectRoot = "";
			targets = (
				278851F629DEADFD003B2876 /* BooksKeeper */,
			);
		};
/* End PBXProject section */

/* Begin PBXResourcesBuildPhase section */
		278851F529DEADFD003B2876 /* Resources */ = {
			isa = PBXResourcesBuildPhase;
			buildActionMask = 2147483647;
			files = (
				2788520729DEADFF003B2876 /* LaunchScreen.storyboard in Resources */,
				2788520429DEADFF003B2876 /* Assets.xcassets in Resources */,
				2788520229DEADFE003B2876 /* Main.storyboard in Resources */,
			);
			runOnlyForDeploymentPostprocessing = 0;
		};
/* End PBXResourcesBuildPhase section */

/* Begin PBXSourcesBuildPhase section */
		278851F329DEADFD003B2876 /* Sources */ = {
			isa = PBXSourcesBuildPhase;
			buildActionMask = 2147483647;
			files = (
				2788522229DF2E30003B2876 /* BookEditorVC.swift in Sources */,
				278851FF29DEADFE003B2876 /* ViewController.swift in Sources */,
				278851FB29DEADFD003B2876 /* AppDelegate.swift in Sources */,
				2788521C29DEF90F003B2876 /* Book.swift in Sources */,
				2788521F29DEFB99003B2876 /* StorageManager.swift in Sources */,
				278851FD29DEADFE003B2876 /* SceneDelegate.swift in Sources */,
				2788521429DEF7E2003B2876 /* BooksListVC.swift in Sources */,
				2788521629DEF80D003B2876 /* BooksListViewModel.swift in Sources */,
			);
			runOnlyForDeploymentPostprocessing = 0;
		};
/* End PBXSourcesBuildPhase section */

/* Begin PBXVariantGroup section */
		2788520029DEADFE003B2876 /* Main.storyboard */ = {
			isa = PBXVariantGroup;
			children = (
				2788520129DEADFE003B2876 /* Base */,
			);
			name = Main.storyboard;
			sourceTree = "<group>";
		};
		2788520529DEADFF003B2876 /* LaunchScreen.storyboard */ = {
			isa = PBXVariantGroup;
			children = (
				2788520629DEADFF003B2876 /* Base */,
			);
			name = LaunchScreen.storyboard;
			sourceTree = "<group>";
		};
/* End PBXVariantGroup section */

/* Begin XCBuildConfiguration section */
		2788520929DEADFF003B2876 /* Debug */ = {
			isa = XCBuildConfiguration;
			buildSettings = {
				ALWAYS_SEARCH_USER_PATHS = NO;
				CLANG_ANALYZER_NONNULL = YES;
				CLANG_ANALYZER_NUMBER_OBJECT_CONVERSION = YES_AGGRESSIVE;
				CLANG_CXX_LANGUAGE_STANDARD = "gnu++20";
				CLANG_ENABLE_MODULES = YES;
				CLANG_ENABLE_OBJC_ARC = YES;
				CLANG_ENABLE_OBJC_WEAK = YES;
				CLANG_WARN_BLOCK_CAPTURE_AUTORELEASING = YES;
				CLANG_WARN_BOOL_CONVERSION = YES;
				CLANG_WARN_COMMA = YES;
				CLANG_WARN_CONSTANT_CONVERSION = YES;
				CLANG_WARN_DEPRECATED_OBJC_IMPLEMENTATIONS = YES;
				CLANG_WARN_DIRECT_OBJC_ISA_USAGE = YES_ERROR;
				CLANG_WARN_DOCUMENTATION_COMMENTS = YES;
				CLANG_WARN_EMPTY_BODY = YES;
				CLANG_WARN_ENUM_CONVERSION = YES;
				CLANG_WARN_INFINITE_RECURSION = YES;
				CLANG_WARN_INT_CONVERSION = YES;
				CLANG_WARN_NON_LITERAL_NULL_CONVERSION = YES;
				CLANG_WARN_OBJC_IMPLICIT_RETAIN_SELF = YES;
				CLANG_WARN_OBJC_LITERAL_CONVERSION = YES;
				CLANG_WARN_OBJC_ROOT_CLASS = YES_ERROR;
				CLANG_WARN_QUOTED_INCLUDE_IN_FRAMEWORK_HEADER = YES;
				CLANG_WARN_RANGE_LOOP_ANALYSIS = YES;
				CLANG_WARN_STRICT_PROTOTYPES = YES;
				CLANG_WARN_SUSPICIOUS_MOVE = YES;
				CLANG_WARN_UNGUARDED_AVAILABILITY = YES_AGGRESSIVE;
				CLANG_WARN_UNREACHABLE_CODE = YES;
				CLANG_WARN__DUPLICATE_METHOD_MATCH = YES;
				COPY_PHASE_STRIP = NO;
				DEBUG_INFORMATION_FORMAT = dwarf;
				ENABLE_STRICT_OBJC_MSGSEND = YES;
				ENABLE_TESTABILITY = YES;
				GCC_C_LANGUAGE_STANDARD = gnu11;
				GCC_DYNAMIC_NO_PIC = NO;
				GCC_NO_COMMON_BLOCKS = YES;
				GCC_OPTIMIZATION_LEVEL = 0;
				GCC_PREPROCESSOR_DEFINITIONS = (
					"DEBUG=1",
					"$(inherited)",
				);
				GCC_WARN_64_TO_32_BIT_CONVERSION = YES;
				GCC_WARN_ABOUT_RETURN_TYPE = YES_ERROR;
				GCC_WARN_UNDECLARED_SELECTOR = YES;
				GCC_WARN_UNINITIALIZED_AUTOS = YES_AGGRESSIVE;
				GCC_WARN_UNUSED_FUNCTION = YES;
				GCC_WARN_UNUSED_VARIABLE = YES;
				IPHONEOS_DEPLOYMENT_TARGET = 16.4;
				MTL_ENABLE_DEBUG_INFO = INCLUDE_SOURCE;
				MTL_FAST_MATH = YES;
				ONLY_ACTIVE_ARCH = YES;
				SDKROOT = iphoneos;
				SWIFT_ACTIVE_COMPILATION_CONDITIONS = DEBUG;
				SWIFT_OPTIMIZATION_LEVEL = "-Onone";
			};
			name = Debug;
		};
		2788520A29DEADFF003B2876 /* Release */ = {
			isa = XCBuildConfiguration;
			buildSettings = {
				ALWAYS_SEARCH_USER_PATHS = NO;
				CLANG_ANALYZER_NONNULL = YES;
				CLANG_ANALYZER_NUMBER_OBJECT_CONVERSION = YES_AGGRESSIVE;
				CLANG_CXX_LANGUAGE_STANDARD = "gnu++20";
				CLANG_ENABLE_MODULES = YES;
				CLANG_ENABLE_OBJC_ARC = YES;
				CLANG_ENABLE_OBJC_WEAK = YES;
				CLANG_WARN_BLOCK_CAPTURE_AUTORELEASING = YES;
				CLANG_WARN_BOOL_CONVERSION = YES;
				CLANG_WARN_COMMA = YES;
				CLANG_WARN_CONSTANT_CONVERSION = YES;
				CLANG_WARN_DEPRECATED_OBJC_IMPLEMENTATIONS = YES;
				CLANG_WARN_DIRECT_OBJC_ISA_USAGE = YES_ERROR;
				CLANG_WARN_DOCUMENTATION_COMMENTS = YES;
				CLANG_WARN_EMPTY_BODY = YES;
				CLANG_WARN_ENUM_CONVERSION = YES;
				CLANG_WARN_INFINITE_RECURSION = YES;
				CLANG_WARN_INT_CONVERSION = YES;
				CLANG_WARN_NON_LITERAL_NULL_CONVERSION = YES;
				CLANG_WARN_OBJC_IMPLICIT_RETAIN_SELF = YES;
				CLANG_WARN_OBJC_LITERAL_CONVERSION = YES;
				CLANG_WARN_OBJC_ROOT_CLASS = YES_ERROR;
				CLANG_WARN_QUOTED_INCLUDE_IN_FRAMEWORK_HEADER = YES;
				CLANG_WARN_RANGE_LOOP_ANALYSIS = YES;
				CLANG_WARN_STRICT_PROTOTYPES = YES;
				CLANG_WARN_SUSPICIOUS_MOVE = YES;
				CLANG_WARN_UNGUARDED_AVAILABILITY = YES_AGGRESSIVE;
				CLANG_WARN_UNREACHABLE_CODE = YES;
				CLANG_WARN__DUPLICATE_METHOD_MATCH = YES;
				COPY_PHASE_STRIP = NO;
				DEBUG_INFORMATION_FORMAT = "dwarf-with-dsym";
				ENABLE_NS_ASSERTIONS = NO;
				ENABLE_STRICT_OBJC_MSGSEND = YES;
				GCC_C_LANGUAGE_STANDARD = gnu11;
				GCC_NO_COMMON_BLOCKS = YES;
				GCC_WARN_64_TO_32_BIT_CONVERSION = YES;
				GCC_WARN_ABOUT_RETURN_TYPE = YES_ERROR;
				GCC_WARN_UNDECLARED_SELECTOR = YES;
				GCC_WARN_UNINITIALIZED_AUTOS = YES_AGGRESSIVE;
				GCC_WARN_UNUSED_FUNCTION = YES;
				GCC_WARN_UNUSED_VARIABLE = YES;
				IPHONEOS_DEPLOYMENT_TARGET = 16.4;
				MTL_ENABLE_DEBUG_INFO = NO;
				MTL_FAST_MATH = YES;
				SDKROOT = iphoneos;
				SWIFT_COMPILATION_MODE = wholemodule;
				SWIFT_OPTIMIZATION_LEVEL = "-O";
				VALIDATE_PRODUCT = YES;
			};
			name = Release;
		};
		2788520C29DEADFF003B2876 /* Debug */ = {
			isa = XCBuildConfiguration;
			buildSettings = {
				ASSETCATALOG_COMPILER_APPICON_NAME = AppIcon;
				ASSETCATALOG_COMPILER_GLOBAL_ACCENT_COLOR_NAME = AccentColor;
				CODE_SIGN_STYLE = Automatic;
				CURRENT_PROJECT_VERSION = 1;
				DEVELOPMENT_TEAM = R7N2GQJZB3;
				GENERATE_INFOPLIST_FILE = YES;
				INFOPLIST_FILE = BooksKeeper/Info.plist;
				INFOPLIST_KEY_UIApplicationSupportsIndirectInputEvents = YES;
				INFOPLIST_KEY_UILaunchStoryboardName = LaunchScreen;
				INFOPLIST_KEY_UIMainStoryboardFile = Main;
				INFOPLIST_KEY_UISupportedInterfaceOrientations_iPad = "UIInterfaceOrientationPortrait UIInterfaceOrientationPortraitUpsideDown UIInterfaceOrientationLandscapeLeft UIInterfaceOrientationLandscapeRight";
				INFOPLIST_KEY_UISupportedInterfaceOrientations_iPhone = "UIInterfaceOrientationPortrait UIInterfaceOrientationLandscapeLeft UIInterfaceOrientationLandscapeRight";
				LD_RUNPATH_SEARCH_PATHS = (
					"$(inherited)",
					"@executable_path/Frameworks",
				);
				MARKETING_VERSION = 1.0;
				PRODUCT_BUNDLE_IDENTIFIER = olgayourchooke.BooksKeeper;
				PRODUCT_NAME = "$(TARGET_NAME)";
				SUPPORTED_PLATFORMS = "iphoneos iphonesimulator";
				SUPPORTS_MACCATALYST = NO;
				SUPPORTS_MAC_DESIGNED_FOR_IPHONE_IPAD = NO;
				SWIFT_EMIT_LOC_STRINGS = YES;
				SWIFT_VERSION = 5.0;
				TARGETED_DEVICE_FAMILY = "1,2";
			};
			name = Debug;
		};
		2788520D29DEADFF003B2876 /* Release */ = {
			isa = XCBuildConfiguration;
			buildSettings = {
				ASSETCATALOG_COMPILER_APPICON_NAME = AppIcon;
				ASSETCATALOG_COMPILER_GLOBAL_ACCENT_COLOR_NAME = AccentColor;
				CODE_SIGN_STYLE = Automatic;
				CURRENT_PROJECT_VERSION = 1;
				DEVELOPMENT_TEAM = R7N2GQJZB3;
				GENERATE_INFOPLIST_FILE = YES;
				INFOPLIST_FILE = BooksKeeper/Info.plist;
				INFOPLIST_KEY_UIApplicationSupportsIndirectInputEvents = YES;
				INFOPLIST_KEY_UILaunchStoryboardName = LaunchScreen;
				INFOPLIST_KEY_UIMainStoryboardFile = Main;
				INFOPLIST_KEY_UISupportedInterfaceOrientations_iPad = "UIInterfaceOrientationPortrait UIInterfaceOrientationPortraitUpsideDown UIInterfaceOrientationLandscapeLeft UIInterfaceOrientationLandscapeRight";
				INFOPLIST_KEY_UISupportedInterfaceOrientations_iPhone = "UIInterfaceOrientationPortrait UIInterfaceOrientationLandscapeLeft UIInterfaceOrientationLandscapeRight";
				LD_RUNPATH_SEARCH_PATHS = (
					"$(inherited)",
					"@executable_path/Frameworks",
				);
				MARKETING_VERSION = 1.0;
				PRODUCT_BUNDLE_IDENTIFIER = olgayourchooke.BooksKeeper;
				PRODUCT_NAME = "$(TARGET_NAME)";
				SUPPORTED_PLATFORMS = "iphoneos iphonesimulator";
				SUPPORTS_MACCATALYST = NO;
				SUPPORTS_MAC_DESIGNED_FOR_IPHONE_IPAD = NO;
				SWIFT_EMIT_LOC_STRINGS = YES;
				SWIFT_VERSION = 5.0;
				TARGETED_DEVICE_FAMILY = "1,2";
			};
			name = Release;
		};
/* End XCBuildConfiguration section */

/* Begin XCConfigurationList section */
		278851F229DEADFD003B2876 /* Build configuration list for PBXProject "BooksKeeper" */ = {
			isa = XCConfigurationList;
			buildConfigurations = (
				2788520929DEADFF003B2876 /* Debug */,
				2788520A29DEADFF003B2876 /* Release */,
			);
			defaultConfigurationIsVisible = 0;
			defaultConfigurationName = Release;
		};
		2788520B29DEADFF003B2876 /* Build configuration list for PBXNativeTarget "BooksKeeper" */ = {
			isa = XCConfigurationList;
			buildConfigurations = (
				2788520C29DEADFF003B2876 /* Debug */,
				2788520D29DEADFF003B2876 /* Release */,
			);
			defaultConfigurationIsVisible = 0;
			defaultConfigurationName = Release;
		};
/* End XCConfigurationList section */

/* Begin XCRemoteSwiftPackageReference section */
		2788520E29DEDAAF003B2876 /* XCRemoteSwiftPackageReference "realm-swift" */ = {
			isa = XCRemoteSwiftPackageReference;
			repositoryURL = "https://github.com/realm/realm-swift.git";
			requirement = {
				branch = master;
				kind = branch;
			};
		};
/* End XCRemoteSwiftPackageReference section */

/* Begin XCSwiftPackageProductDependency section */
		2788520F29DEDAAF003B2876 /* Realm */ = {
			isa = XCSwiftPackageProductDependency;
			package = 2788520E29DEDAAF003B2876 /* XCRemoteSwiftPackageReference "realm-swift" */;
			productName = Realm;
		};
		2788521129DEDAAF003B2876 /* RealmSwift */ = {
			isa = XCSwiftPackageProductDependency;
			package = 2788520E29DEDAAF003B2876 /* XCRemoteSwiftPackageReference "realm-swift" */;
			productName = RealmSwift;
		};
/* End XCSwiftPackageProductDependency section */
	};
	rootObject = 278851EF29DEADFD003B2876 /* Project object */;
}
